
Microsoft Visual Studio Solution File, Format Version 12.00
# Visual Studio Version 16
VisualStudioVersion = 16.0.33529.622
MinimumVisualStudioVersion = 10.0.40219.1
Project("{FAE04EC0-301F-11D3-BF4B-00C04F79EFBC}") = "VidlyWithData", "VidlyWithData\VidlyWithData.csproj", "{AA16AF11-50D2-4795-821F-381EAF4B7EF6}"
EndProject
Global
	GlobalSection(SolutionConfigurationPlatforms) = preSolution
		Debug|Any CPU = Debug|Any CPU
		Release|Any CPU = Release|Any CPU
	EndGlobalSection
	GlobalSection(ProjectConfigurationPlatforms) = postSolution
		{AA16AF11-50D2-4795-821F-381EAF4B7EF6}.Debug|Any CPU.ActiveCfg = Debug|Any CPU
		{AA16AF11-50D2-4795-821F-381EAF4B7EF6}.Debug|Any CPU.Build.0 = Debug|Any CPU
		{AA16AF11-50D2-4795-821F-381EAF4B7EF6}.Release|Any CPU.ActiveCfg = Release|Any CPU
		{AA16AF11-50D2-4795-821F-381EAF4B7EF6}.Release|Any CPU.Build.0 = Release|Any CPU
	EndGlobalSection
	GlobalSection(SolutionProperties) = preSolution
		HideSolutionNode = FALSE
	EndGlobalSection
	GlobalSection(ExtensibilityGlobals) = postSolution
		SolutionGuid = {4D605058-C360-49C8-A9B2-CFB09FF58077}
	EndGlobalSection
EndGlobal
